
Microsoft Visual Studio Solution File, Format Version 12.00
# Visual Studio Version 17
VisualStudioVersion = 17.5.33530.505
MinimumVisualStudioVersion = 10.0.40219.1
Project("{FAE04EC0-301F-11D3-BF4B-00C04F79EFBC}") = "TextToHex", "TextToHex\TextToHex.csproj", "{DCDEC5ED-4C87-427B-A7EF-BAE8C23FE365}"
EndProject
Global
	GlobalSection(SolutionConfigurationPlatforms) = preSolution
		Debug|Any CPU = Debug|Any CPU
		Release|Any CPU = Release|Any CPU
	EndGlobalSection
	GlobalSection(ProjectConfigurationPlatforms) = postSolution
		{DCDEC5ED-4C87-427B-A7EF-BAE8C23FE365}.Debug|Any CPU.ActiveCfg = Debug|Any CPU
		{DCDEC5ED-4C87-427B-A7EF-BAE8C23FE365}.Debug|Any CPU.Build.0 = Debug|Any CPU
		{DCDEC5ED-4C87-427B-A7EF-BAE8C23FE365}.Release|Any CPU.ActiveCfg = Release|Any CPU
		{DCDEC5ED-4C87-427B-A7EF-BAE8C23FE365}.Release|Any CPU.Build.0 = Release|Any CPU
	EndGlobalSection
	GlobalSection(SolutionProperties) = preSolution
		HideSolutionNode = FALSE
	EndGlobalSection
	GlobalSection(ExtensibilityGlobals) = postSolution
		SolutionGuid = {3F3CDF23-3E15-4903-829A-64DC8B433F35}
	EndGlobalSection
EndGlobal
