
Microsoft Visual Studio Solution File, Format Version 12.00
# Visual Studio Version 17
VisualStudioVersion = 17.5.33530.505
MinimumVisualStudioVersion = 10.0.40219.1
Project("{FAE04EC0-301F-11D3-BF4B-00C04F79EFBC}") = "HexToText", "HexToText\HexToText.csproj", "{455C9CBA-A2B7-4F61-A448-2356AA292E3B}"
EndProject
Global
	GlobalSection(SolutionConfigurationPlatforms) = preSolution
		Debug|Any CPU = Debug|Any CPU
		Release|Any CPU = Release|Any CPU
	EndGlobalSection
	GlobalSection(ProjectConfigurationPlatforms) = postSolution
		{455C9CBA-A2B7-4F61-A448-2356AA292E3B}.Debug|Any CPU.ActiveCfg = Debug|Any CPU
		{455C9CBA-A2B7-4F61-A448-2356AA292E3B}.Debug|Any CPU.Build.0 = Debug|Any CPU
		{455C9CBA-A2B7-4F61-A448-2356AA292E3B}.Release|Any CPU.ActiveCfg = Release|Any CPU
		{455C9CBA-A2B7-4F61-A448-2356AA292E3B}.Release|Any CPU.Build.0 = Release|Any CPU
	EndGlobalSection
	GlobalSection(SolutionProperties) = preSolution
		HideSolutionNode = FALSE
	EndGlobalSection
	GlobalSection(ExtensibilityGlobals) = postSolution
		SolutionGuid = {495EE931-D046-40DE-A2E7-4DC3FEB439BE}
	EndGlobalSection
EndGlobal
